
Microsoft Visual Studio Solution File, Format Version 12.00
# Visual Studio 15
VisualStudioVersion = 15.0.28307.168
MinimumVisualStudioVersion = 10.0.40219.1
Project("{FAE04EC0-301F-11D3-BF4B-00C04F79EFBC}") = "ImageEditorSample", "ImageEditorSample.csproj", "{32CCC892-D673-4B9B-A794-1025555550E8}"
EndProject
Global
	GlobalSection(SolutionConfigurationPlatforms) = preSolution
		Debug|Any CPU = Debug|Any CPU
		Release|Any CPU = Release|Any CPU
	EndGlobalSection
	GlobalSection(ProjectConfigurationPlatforms) = postSolution
		{32CCC892-D673-4B9B-A794-1025555550E8}.Debug|Any CPU.ActiveCfg = Debug|Any CPU
		{32CCC892-D673-4B9B-A794-1025555550E8}.Debug|Any CPU.Build.0 = Debug|Any CPU
		{32CCC892-D673-4B9B-A794-1025555550E8}.Release|Any CPU.ActiveCfg = Release|Any CPU
		{32CCC892-D673-4B9B-A794-1025555550E8}.Release|Any CPU.Build.0 = Release|Any CPU
	EndGlobalSection
	GlobalSection(SolutionProperties) = preSolution
		HideSolutionNode = FALSE
	EndGlobalSection
	GlobalSection(ExtensibilityGlobals) = postSolution
		SolutionGuid = {FAF19967-9775-4228-A771-DD74A326C3E8}
	EndGlobalSection
EndGlobal
